
Microsoft Visual Studio Solution File, Format Version 12.00
# Visual Studio 15
VisualStudioVersion = 15.0.28307.329
MinimumVisualStudioVersion = 10.0.40219.1
Project("{FAE04EC0-301F-11D3-BF4B-00C04F79EFBC}") = "WebApplication4", "WebApplication4\WebApplication4.csproj", "{747E376F-7F18-4E91-8AE4-0C0B577312DB}"
EndProject
Project("{FAE04EC0-301F-11D3-BF4B-00C04F79EFBC}") = "WebApplication4.Tests", "WebApplication4.Tests\WebApplication4.Tests.csproj", "{06360BFB-B8A2-467E-BEB4-348E82A9C28B}"
EndProject
Global
	GlobalSection(SolutionConfigurationPlatforms) = preSolution
		Debug|Any CPU = Debug|Any CPU
		Release|Any CPU = Release|Any CPU
	EndGlobalSection
	GlobalSection(ProjectConfigurationPlatforms) = postSolution
		{747E376F-7F18-4E91-8AE4-0C0B577312DB}.Debug|Any CPU.ActiveCfg = Debug|Any CPU
		{747E376F-7F18-4E91-8AE4-0C0B577312DB}.Debug|Any CPU.Build.0 = Debug|Any CPU
		{747E376F-7F18-4E91-8AE4-0C0B577312DB}.Release|Any CPU.ActiveCfg = Release|Any CPU
		{747E376F-7F18-4E91-8AE4-0C0B577312DB}.Release|Any CPU.Build.0 = Release|Any CPU
		{06360BFB-B8A2-467E-BEB4-348E82A9C28B}.Debug|Any CPU.ActiveCfg = Debug|Any CPU
		{06360BFB-B8A2-467E-BEB4-348E82A9C28B}.Debug|Any CPU.Build.0 = Debug|Any CPU
		{06360BFB-B8A2-467E-BEB4-348E82A9C28B}.Release|Any CPU.ActiveCfg = Release|Any CPU
		{06360BFB-B8A2-467E-BEB4-348E82A9C28B}.Release|Any CPU.Build.0 = Release|Any CPU
	EndGlobalSection
	GlobalSection(SolutionProperties) = preSolution
		HideSolutionNode = FALSE
	EndGlobalSection
	GlobalSection(ExtensibilityGlobals) = postSolution
		SolutionGuid = {8EDEF8F6-2171-48B4-8D03-C673E365C3C1}
	EndGlobalSection
EndGlobal
